
Microsoft Visual Studio Solution File, Format Version 12.00
# Visual Studio Version 17
VisualStudioVersion = 17.0.31903.59
MinimumVisualStudioVersion = 10.0.40219.1
Project("{FAE04EC0-301F-11D3-BF4B-00C04F79EFBC}") = "bestBuild", "bestBuild\bestBuild.csproj", "{A6D7C5FF-1E7A-4D38-8173-FC05AD60670A}"
EndProject
Project("{FAE04EC0-301F-11D3-BF4B-00C04F79EFBC}") = "bestBuild.DAL", "bestBuild.DAL\bestBuild.DAL.csproj", "{D1CCAEFD-2789-41EF-A562-0C8435CBF499}"
EndProject
Global
	GlobalSection(SolutionConfigurationPlatforms) = preSolution
		Debug|Any CPU = Debug|Any CPU
		Release|Any CPU = Release|Any CPU
	EndGlobalSection
	GlobalSection(SolutionProperties) = preSolution
		HideSolutionNode = FALSE
	EndGlobalSection
	GlobalSection(ProjectConfigurationPlatforms) = postSolution
		{A6D7C5FF-1E7A-4D38-8173-FC05AD60670A}.Debug|Any CPU.ActiveCfg = Debug|Any CPU
		{A6D7C5FF-1E7A-4D38-8173-FC05AD60670A}.Debug|Any CPU.Build.0 = Debug|Any CPU
		{A6D7C5FF-1E7A-4D38-8173-FC05AD60670A}.Release|Any CPU.ActiveCfg = Release|Any CPU
		{A6D7C5FF-1E7A-4D38-8173-FC05AD60670A}.Release|Any CPU.Build.0 = Release|Any CPU
		{D1CCAEFD-2789-41EF-A562-0C8435CBF499}.Debug|Any CPU.ActiveCfg = Debug|Any CPU
		{D1CCAEFD-2789-41EF-A562-0C8435CBF499}.Debug|Any CPU.Build.0 = Debug|Any CPU
		{D1CCAEFD-2789-41EF-A562-0C8435CBF499}.Release|Any CPU.ActiveCfg = Release|Any CPU
		{D1CCAEFD-2789-41EF-A562-0C8435CBF499}.Release|Any CPU.Build.0 = Release|Any CPU
	EndGlobalSection
EndGlobal
